{
    "_readme": [
        "This file locks the dependencies of your project to a known state",
        "Read more about it at https://getcomposer.org/doc/01-basic-usage.md#installing-dependencies",
        "This file is @generated automatically"
    ],
    "content-hash": "d300e07639de1b005a8a3afeb601c705",
    "packages": [
        {
            "name": "ldl-framework/framework-base",
            "version": "dev-master",
            "source": {
                "type": "git",
                "url": "https://github.com/pthreat/ldl-framework-base.git",
                "reference": "41d3cfb8971715e74f1bbfdb2c097f818df768ef"
            },
            "dist": {
                "type": "zip",
                "url": "https://api.github.com/repos/pthreat/ldl-framework-base/zipball/41d3cfb8971715e74f1bbfdb2c097f818df768ef",
                "reference": "41d3cfb8971715e74f1bbfdb2c097f818df768ef",
                "shasum": ""
            },
            "require": {
                "symfony/var-dumper": "^5.2"
            },
            "default-branch": true,
            "type": "library",
            "autoload": {
                "psr-4": {
                    "LDL\\Framework\\Base\\": "src/LDL/Framework/Base/",
                    "LDL\\Framework\\Helper\\": "src/LDL/Framework/Helper/"
                }
            },
            "notification-url": "https://packagist.org/downloads/",
            "license": [
                "MIT"
            ],
            "authors": [
                {
                    "name": "Federico Stange",
                    "email": "jpfstange@gmail.com"
                }
            ],
            "description": "LDL Framework base contracts and exceptions",
            "support": {
                "issues": "https://github.com/pthreat/ldl-framework-base/issues",
                "source": "https://github.com/pthreat/ldl-framework-base/tree/master"
            },
            "time": "2021-07-07T11:36:06+00:00"
        },
        {
            "name": "ldl-framework/typed-collection",
            "version": "dev-master",
            "source": {
                "type": "git",
                "url": "https://github.com/pthreat/ldl-typed-collection.git",
                "reference": "02bad96a6fcc5e0f45a0948ac8e151024a6111d3"
            },
            "dist": {
                "type": "zip",
                "url": "https://api.github.com/repos/pthreat/ldl-typed-collection/zipball/02bad96a6fcc5e0f45a0948ac8e151024a6111d3",
                "reference": "02bad96a6fcc5e0f45a0948ac8e151024a6111d3",
                "shasum": ""
            },
            "require": {
                "ext-json": "*",
                "ldl-framework/framework-base": "dev-master",
                "ldl-framework/validators": "dev-master",
                "php": ">=7.3"
            },
            "default-branch": true,
            "type": "library",
            "autoload": {
                "psr-4": {
                    "LDL\\Type\\": "src/Type/"
                }
            },
            "notification-url": "https://packagist.org/downloads/",
            "license": [
                "MIT"
            ],
            "authors": [
                {
                    "name": "Federico Stange",
                    "email": "jpfstange@gmail.com"
                }
            ],
            "description": "Adds support for typed collections",
            "homepage": "https://github.com/pthreat/ldl-type",
            "keywords": [
                "collection",
                "php",
                "type"
            ],
            "support": {
                "issues": "https://github.com/pthreat/ldl-typed-collection/issues",
                "source": "https://github.com/pthreat/ldl-typed-collection/tree/master"
            },
            "time": "2021-06-09T11:47:02+00:00"
        },
        {
            "name": "ldl-framework/validators",
            "version": "dev-master",
            "source": {
                "type": "git",
                "url": "https://github.com/pthreat/ldl-validators.git",
                "reference": "4c1e2c879933ae986296f8f19b7a52182b15a623"
            },
            "dist": {
                "type": "zip",
                "url": "https://api.github.com/repos/pthreat/ldl-validators/zipball/4c1e2c879933ae986296f8f19b7a52182b15a623",
                "reference": "4c1e2c879933ae986296f8f19b7a52182b15a623",
                "shasum": ""
            },
            "require": {
                "ext-json": "*",
                "ldl-framework/framework-base": "dev-master",
                "php": ">=7.3"
            },
            "default-branch": true,
            "type": "library",
            "autoload": {
                "psr-4": {
                    "LDL\\Validators\\": "src/LDL/Validators"
                }
            },
            "notification-url": "https://packagist.org/downloads/",
            "license": [
                "MIT"
            ],
            "authors": [
                {
                    "name": "Federico",
                    "email": "jpfstange@gmail.com"
                },
                {
                    "name": "Gonzalo Coda",
                    "email": "gonzalocoda@gmail.com"
                }
            ],
            "description": "LDL Framework validators",
            "homepage": "https://github.com/pthreat/ldl-validators",
            "support": {
                "issues": "https://github.com/pthreat/ldl-validators/issues",
                "source": "https://github.com/pthreat/ldl-validators/tree/master"
            },
            "time": "2021-07-07T16:01:11+00:00"
        },
        {
            "name": "symfony/deprecation-contracts",
            "version": "v2.4.0",
            "source": {
                "type": "git",
                "url": "https://github.com/symfony/deprecation-contracts.git",
                "reference": "5f38c8804a9e97d23e0c8d63341088cd8a22d627"
            },
            "dist": {
                "type": "zip",
                "url": "https://api.github.com/repos/symfony/deprecation-contracts/zipball/5f38c8804a9e97d23e0c8d63341088cd8a22d627",
                "reference": "5f38c8804a9e97d23e0c8d63341088cd8a22d627",
                "shasum": ""
            },
            "require": {
                "php": ">=7.1"
            },
            "type": "library",
            "extra": {
                "branch-alias": {
                    "dev-main": "2.4-dev"
                },
                "thanks": {
                    "name": "symfony/contracts",
                    "url": "https://github.com/symfony/contracts"
                }
            },
            "autoload": {
                "files": [
                    "function.php"
                ]
            },
            "notification-url": "https://packagist.org/downloads/",
            "license": [
                "MIT"
            ],
            "authors": [
                {
                    "name": "Nicolas Grekas",
                    "email": "p@tchwork.com"
                },
                {
                    "name": "Symfony Community",
                    "homepage": "https://symfony.com/contributors"
                }
            ],
            "description": "A generic function and convention to trigger deprecation notices",
            "homepage": "https://symfony.com",
            "support": {
                "source": "https://github.com/symfony/deprecation-contracts/tree/v2.4.0"
            },
            "funding": [
                {
                    "url": "https://symfony.com/sponsor",
                    "type": "custom"
                },
                {
                    "url": "https://github.com/fabpot",
                    "type": "github"
                },
                {
                    "url": "https://tidelift.com/funding/github/packagist/symfony/symfony",
                    "type": "tidelift"
                }
            ],
            "time": "2021-03-23T23:28:01+00:00"
        },
        {
            "name": "symfony/http-foundation",
            "version": "v5.3.3",
            "source": {
                "type": "git",
                "url": "https://github.com/symfony/http-foundation.git",
                "reference": "0e45ab1574caa0460d9190871a8ce47539e40ccf"
            },
            "dist": {
                "type": "zip",
                "url": "https://api.github.com/repos/symfony/http-foundation/zipball/0e45ab1574caa0460d9190871a8ce47539e40ccf",
                "reference": "0e45ab1574caa0460d9190871a8ce47539e40ccf",
                "shasum": ""
            },
            "require": {
                "php": ">=7.2.5",
                "symfony/deprecation-contracts": "^2.1",
                "symfony/polyfill-mbstring": "~1.1",
                "symfony/polyfill-php80": "^1.15"
            },
            "require-dev": {
                "predis/predis": "~1.0",
                "symfony/cache": "^4.4|^5.0",
                "symfony/expression-language": "^4.4|^5.0",
                "symfony/mime": "^4.4|^5.0"
            },
            "suggest": {
                "symfony/mime": "To use the file extension guesser"
            },
            "type": "library",
            "autoload": {
                "psr-4": {
                    "Symfony\\Component\\HttpFoundation\\": ""
                },
                "exclude-from-classmap": [
                    "/Tests/"
                ]
            },
            "notification-url": "https://packagist.org/downloads/",
            "license": [
                "MIT"
            ],
            "authors": [
                {
                    "name": "Fabien Potencier",
                    "email": "fabien@symfony.com"
                },
                {
                    "name": "Symfony Community",
                    "homepage": "https://symfony.com/contributors"
                }
            ],
            "description": "Defines an object-oriented layer for the HTTP specification",
            "homepage": "https://symfony.com",
            "support": {
                "source": "https://github.com/symfony/http-foundation/tree/v5.3.3"
            },
            "funding": [
                {
                    "url": "https://symfony.com/sponsor",
                    "type": "custom"
                },
                {
                    "url": "https://github.com/fabpot",
                    "type": "github"
                },
                {
                    "url": "https://tidelift.com/funding/github/packagist/symfony/symfony",
                    "type": "tidelift"
                }
            ],
            "time": "2021-06-27T09:19:40+00:00"
        },
        {
            "name": "symfony/mime",
            "version": "v5.3.2",
            "source": {
                "type": "git",
                "url": "https://github.com/symfony/mime.git",
                "reference": "47dd7912152b82d0d4c8d9040dbc93d6232d472a"
            },
            "dist": {
                "type": "zip",
                "url": "https://api.github.com/repos/symfony/mime/zipball/47dd7912152b82d0d4c8d9040dbc93d6232d472a",
                "reference": "47dd7912152b82d0d4c8d9040dbc93d6232d472a",
                "shasum": ""
            },
            "require": {
                "php": ">=7.2.5",
                "symfony/deprecation-contracts": "^2.1",
                "symfony/polyfill-intl-idn": "^1.10",
                "symfony/polyfill-mbstring": "^1.0",
                "symfony/polyfill-php80": "^1.15"
            },
            "conflict": {
                "egulias/email-validator": "~3.0.0",
                "phpdocumentor/reflection-docblock": "<3.2.2",
                "phpdocumentor/type-resolver": "<1.4.0",
                "symfony/mailer": "<4.4"
            },
            "require-dev": {
                "egulias/email-validator": "^2.1.10|^3.1",
                "phpdocumentor/reflection-docblock": "^3.0|^4.0|^5.0",
                "symfony/dependency-injection": "^4.4|^5.0",
                "symfony/property-access": "^4.4|^5.1",
                "symfony/property-info": "^4.4|^5.1",
                "symfony/serializer": "^5.2"
            },
            "type": "library",
            "autoload": {
                "psr-4": {
                    "Symfony\\Component\\Mime\\": ""
                },
                "exclude-from-classmap": [
                    "/Tests/"
                ]
            },
            "notification-url": "https://packagist.org/downloads/",
            "license": [
                "MIT"
            ],
            "authors": [
                {
                    "name": "Fabien Potencier",
                    "email": "fabien@symfony.com"
                },
                {
                    "name": "Symfony Community",
                    "homepage": "https://symfony.com/contributors"
                }
            ],
            "description": "Allows manipulating MIME messages",
            "homepage": "https://symfony.com",
            "keywords": [
                "mime",
                "mime-type"
            ],
            "support": {
                "source": "https://github.com/symfony/mime/tree/v5.3.2"
            },
            "funding": [
                {
                    "url": "https://symfony.com/sponsor",
                    "type": "custom"
                },
                {
                    "url": "https://github.com/fabpot",
                    "type": "github"
                },
                {
                    "url": "https://tidelift.com/funding/github/packagist/symfony/symfony",
                    "type": "tidelift"
                }
            ],
            "time": "2021-06-09T10:58:01+00:00"
        },
        {
            "name": "symfony/polyfill-intl-idn",
            "version": "v1.23.0",
            "source": {
                "type": "git",
                "url": "https://github.com/symfony/polyfill-intl-idn.git",
                "reference": "65bd267525e82759e7d8c4e8ceea44f398838e65"
            },
            "dist": {
                "type": "zip",
                "url": "https://api.github.com/repos/symfony/polyfill-intl-idn/zipball/65bd267525e82759e7d8c4e8ceea44f398838e65",
                "reference": "65bd267525e82759e7d8c4e8ceea44f398838e65",
                "shasum": ""
            },
            "require": {
                "php": ">=7.1",
                "symfony/polyfill-intl-normalizer": "^1.10",
                "symfony/polyfill-php72": "^1.10"
            },
            "suggest": {
                "ext-intl": "For best performance"
            },
            "type": "library",
            "extra": {
                "branch-alias": {
                    "dev-main": "1.23-dev"
                },
                "thanks": {
                    "name": "symfony/polyfill",
                    "url": "https://github.com/symfony/polyfill"
                }
            },
            "autoload": {
                "psr-4": {
                    "Symfony\\Polyfill\\Intl\\Idn\\": ""
                },
                "files": [
                    "bootstrap.php"
                ]
            },
            "notification-url": "https://packagist.org/downloads/",
            "license": [
                "MIT"
            ],
            "authors": [
                {
                    "name": "Laurent Bassin",
                    "email": "laurent@bassin.info"
                },
                {
                    "name": "Trevor Rowbotham",
                    "email": "trevor.rowbotham@pm.me"
                },
                {
                    "name": "Symfony Community",
                    "homepage": "https://symfony.com/contributors"
                }
            ],
            "description": "Symfony polyfill for intl's idn_to_ascii and idn_to_utf8 functions",
            "homepage": "https://symfony.com",
            "keywords": [
                "compatibility",
                "idn",
                "intl",
                "polyfill",
                "portable",
                "shim"
            ],
            "support": {
                "source": "https://github.com/symfony/polyfill-intl-idn/tree/v1.23.0"
            },
            "funding": [
                {
                    "url": "https://symfony.com/sponsor",
                    "type": "custom"
                },
                {
                    "url": "https://github.com/fabpot",
                    "type": "github"
                },
                {
                    "url": "https://tidelift.com/funding/github/packagist/symfony/symfony",
                    "type": "tidelift"
                }
            ],
            "time": "2021-05-27T09:27:20+00:00"
        },
        {
            "name": "symfony/polyfill-intl-normalizer",
            "version": "v1.23.0",
            "source": {
                "type": "git",
                "url": "https://github.com/symfony/polyfill-intl-normalizer.git",
                "reference": "8590a5f561694770bdcd3f9b5c69dde6945028e8"
            },
            "dist": {
                "type": "zip",
                "url": "https://api.github.com/repos/symfony/polyfill-intl-normalizer/zipball/8590a5f561694770bdcd3f9b5c69dde6945028e8",
                "reference": "8590a5f561694770bdcd3f9b5c69dde6945028e8",
                "shasum": ""
            },
            "require": {
                "php": ">=7.1"
            },
            "suggest": {
                "ext-intl": "For best performance"
            },
            "type": "library",
            "extra": {
                "branch-alias": {
                    "dev-main": "1.23-dev"
                },
                "thanks": {
                    "name": "symfony/polyfill",
                    "url": "https://github.com/symfony/polyfill"
                }
            },
            "autoload": {
                "psr-4": {
                    "Symfony\\Polyfill\\Intl\\Normalizer\\": ""
                },
                "files": [
                    "bootstrap.php"
                ],
                "classmap": [
                    "Resources/stubs"
                ]
            },
            "notification-url": "https://packagist.org/downloads/",
            "license": [
                "MIT"
            ],
            "authors": [
                {
                    "name": "Nicolas Grekas",
                    "email": "p@tchwork.com"
                },
                {
                    "name": "Symfony Community",
                    "homepage": "https://symfony.com/contributors"
                }
            ],
            "description": "Symfony polyfill for intl's Normalizer class and related functions",
            "homepage": "https://symfony.com",
            "keywords": [
                "compatibility",
                "intl",
                "normalizer",
                "polyfill",
                "portable",
                "shim"
            ],
            "support": {
                "source": "https://github.com/symfony/polyfill-intl-normalizer/tree/v1.23.0"
            },
            "funding": [
                {
                    "url": "https://symfony.com/sponsor",
                    "type": "custom"
                },
                {
                    "url": "https://github.com/fabpot",
                    "type": "github"
                },
                {
                    "url": "https://tidelift.com/funding/github/packagist/symfony/symfony",
                    "type": "tidelift"
                }
            ],
            "time": "2021-02-19T12:13:01+00:00"
        },
        {
            "name": "symfony/polyfill-mbstring",
            "version": "v1.23.0",
            "source": {
                "type": "git",
                "url": "https://github.com/symfony/polyfill-mbstring.git",
                "reference": "2df51500adbaebdc4c38dea4c89a2e131c45c8a1"
            },
            "dist": {
                "type": "zip",
                "url": "https://api.github.com/repos/symfony/polyfill-mbstring/zipball/2df51500adbaebdc4c38dea4c89a2e131c45c8a1",
                "reference": "2df51500adbaebdc4c38dea4c89a2e131c45c8a1",
                "shasum": ""
            },
            "require": {
                "php": ">=7.1"
            },
            "suggest": {
                "ext-mbstring": "For best performance"
            },
            "type": "library",
            "extra": {
                "branch-alias": {
                    "dev-main": "1.23-dev"
                },
                "thanks": {
                    "name": "symfony/polyfill",
                    "url": "https://github.com/symfony/polyfill"
                }
            },
            "autoload": {
                "psr-4": {
                    "Symfony\\Polyfill\\Mbstring\\": ""
                },
                "files": [
                    "bootstrap.php"
                ]
            },
            "notification-url": "https://packagist.org/downloads/",
            "license": [
                "MIT"
            ],
            "authors": [
                {
                    "name": "Nicolas Grekas",
                    "email": "p@tchwork.com"
                },
                {
                    "name": "Symfony Community",
                    "homepage": "https://symfony.com/contributors"
                }
            ],
            "description": "Symfony polyfill for the Mbstring extension",
            "homepage": "https://symfony.com",
            "keywords": [
                "compatibility",
                "mbstring",
                "polyfill",
                "portable",
                "shim"
            ],
            "support": {
                "source": "https://github.com/symfony/polyfill-mbstring/tree/v1.23.0"
            },
            "funding": [
                {
                    "url": "https://symfony.com/sponsor",
                    "type": "custom"
                },
                {
                    "url": "https://github.com/fabpot",
                    "type": "github"
                },
                {
                    "url": "https://tidelift.com/funding/github/packagist/symfony/symfony",
                    "type": "tidelift"
                }
            ],
            "time": "2021-05-27T09:27:20+00:00"
        },
        {
            "name": "symfony/polyfill-php72",
            "version": "v1.23.0",
            "source": {
                "type": "git",
                "url": "https://github.com/symfony/polyfill-php72.git",
                "reference": "9a142215a36a3888e30d0a9eeea9766764e96976"
            },
            "dist": {
                "type": "zip",
                "url": "https://api.github.com/repos/symfony/polyfill-php72/zipball/9a142215a36a3888e30d0a9eeea9766764e96976",
                "reference": "9a142215a36a3888e30d0a9eeea9766764e96976",
                "shasum": ""
            },
            "require": {
                "php": ">=7.1"
            },
            "type": "library",
            "extra": {
                "branch-alias": {
                    "dev-main": "1.23-dev"
                },
                "thanks": {
                    "name": "symfony/polyfill",
                    "url": "https://github.com/symfony/polyfill"
                }
            },
            "autoload": {
                "psr-4": {
                    "Symfony\\Polyfill\\Php72\\": ""
                },
                "files": [
                    "bootstrap.php"
                ]
            },
            "notification-url": "https://packagist.org/downloads/",
            "license": [
                "MIT"
            ],
            "authors": [
                {
                    "name": "Nicolas Grekas",
                    "email": "p@tchwork.com"
                },
                {
                    "name": "Symfony Community",
                    "homepage": "https://symfony.com/contributors"
                }
            ],
            "description": "Symfony polyfill backporting some PHP 7.2+ features to lower PHP versions",
            "homepage": "https://symfony.com",
            "keywords": [
                "compatibility",
                "polyfill",
                "portable",
                "shim"
            ],
            "support": {
                "source": "https://github.com/symfony/polyfill-php72/tree/v1.23.0"
            },
            "funding": [
                {
                    "url": "https://symfony.com/sponsor",
                    "type": "custom"
                },
                {
                    "url": "https://github.com/fabpot",
                    "type": "github"
                },
                {
                    "url": "https://tidelift.com/funding/github/packagist/symfony/symfony",
                    "type": "tidelift"
                }
            ],
            "time": "2021-05-27T09:17:38+00:00"
        },
        {
            "name": "symfony/polyfill-php80",
            "version": "v1.23.0",
            "source": {
                "type": "git",
                "url": "https://github.com/symfony/polyfill-php80.git",
                "reference": "eca0bf41ed421bed1b57c4958bab16aa86b757d0"
            },
            "dist": {
                "type": "zip",
                "url": "https://api.github.com/repos/symfony/polyfill-php80/zipball/eca0bf41ed421bed1b57c4958bab16aa86b757d0",
                "reference": "eca0bf41ed421bed1b57c4958bab16aa86b757d0",
                "shasum": ""
            },
            "require": {
                "php": ">=7.1"
            },
            "type": "library",
            "extra": {
                "branch-alias": {
                    "dev-main": "1.23-dev"
                },
                "thanks": {
                    "name": "symfony/polyfill",
                    "url": "https://github.com/symfony/polyfill"
                }
            },
            "autoload": {
                "psr-4": {
                    "Symfony\\Polyfill\\Php80\\": ""
                },
                "files": [
                    "bootstrap.php"
                ],
                "classmap": [
                    "Resources/stubs"
                ]
            },
            "notification-url": "https://packagist.org/downloads/",
            "license": [
                "MIT"
            ],
            "authors": [
                {
                    "name": "Ion Bazan",
                    "email": "ion.bazan@gmail.com"
                },
                {
                    "name": "Nicolas Grekas",
                    "email": "p@tchwork.com"
                },
                {
                    "name": "Symfony Community",
                    "homepage": "https://symfony.com/contributors"
                }
            ],
            "description": "Symfony polyfill backporting some PHP 8.0+ features to lower PHP versions",
            "homepage": "https://symfony.com",
            "keywords": [
                "compatibility",
                "polyfill",
                "portable",
                "shim"
            ],
            "support": {
                "source": "https://github.com/symfony/polyfill-php80/tree/v1.23.0"
            },
            "funding": [
                {
                    "url": "https://symfony.com/sponsor",
                    "type": "custom"
                },
                {
                    "url": "https://github.com/fabpot",
                    "type": "github"
                },
                {
                    "url": "https://tidelift.com/funding/github/packagist/symfony/symfony",
                    "type": "tidelift"
                }
            ],
            "time": "2021-02-19T12:13:01+00:00"
        },
        {
            "name": "symfony/var-dumper",
            "version": "v5.3.3",
            "source": {
                "type": "git",
                "url": "https://github.com/symfony/var-dumper.git",
                "reference": "46aa709affb9ad3355bd7a810f9662d71025c384"
            },
            "dist": {
                "type": "zip",
                "url": "https://api.github.com/repos/symfony/var-dumper/zipball/46aa709affb9ad3355bd7a810f9662d71025c384",
                "reference": "46aa709affb9ad3355bd7a810f9662d71025c384",
                "shasum": ""
            },
            "require": {
                "php": ">=7.2.5",
                "symfony/polyfill-mbstring": "~1.0",
                "symfony/polyfill-php80": "^1.15"
            },
            "conflict": {
                "phpunit/phpunit": "<5.4.3",
                "symfony/console": "<4.4"
            },
            "require-dev": {
                "ext-iconv": "*",
                "symfony/console": "^4.4|^5.0",
                "symfony/process": "^4.4|^5.0",
                "twig/twig": "^2.13|^3.0.4"
            },
            "suggest": {
                "ext-iconv": "To convert non-UTF-8 strings to UTF-8 (or symfony/polyfill-iconv in case ext-iconv cannot be used).",
                "ext-intl": "To show region name in time zone dump",
                "symfony/console": "To use the ServerDumpCommand and/or the bin/var-dump-server script"
            },
            "bin": [
                "Resources/bin/var-dump-server"
            ],
            "type": "library",
            "autoload": {
                "files": [
                    "Resources/functions/dump.php"
                ],
                "psr-4": {
                    "Symfony\\Component\\VarDumper\\": ""
                },
                "exclude-from-classmap": [
                    "/Tests/"
                ]
            },
            "notification-url": "https://packagist.org/downloads/",
            "license": [
                "MIT"
            ],
            "authors": [
                {
                    "name": "Nicolas Grekas",
                    "email": "p@tchwork.com"
                },
                {
                    "name": "Symfony Community",
                    "homepage": "https://symfony.com/contributors"
                }
            ],
            "description": "Provides mechanisms for walking through any arbitrary PHP variable",
            "homepage": "https://symfony.com",
            "keywords": [
                "debug",
                "dump"
            ],
            "support": {
                "source": "https://github.com/symfony/var-dumper/tree/v5.3.3"
            },
            "funding": [
                {
                    "url": "https://symfony.com/sponsor",
                    "type": "custom"
                },
                {
                    "url": "https://github.com/fabpot",
                    "type": "github"
                },
                {
                    "url": "https://tidelift.com/funding/github/packagist/symfony/symfony",
                    "type": "tidelift"
                }
            ],
            "time": "2021-06-24T08:13:00+00:00"
        }
    ],
    "packages-dev": [],
    "aliases": [],
    "minimum-stability": "dev",
    "stability-flags": {
        "ldl-framework/typed-collection": 20
    },
    "prefer-stable": true,
    "prefer-lowest": false,
    "platform": {
        "ext-json": "*"
    },
    "platform-dev": [],
    "plugin-api-version": "2.0.0"
}
